
Microsoft Visual Studio Solution File, Format Version 12.00
# Visual Studio Version 16
VisualStudioVersion = 16.0.30621.155
MinimumVisualStudioVersion = 10.0.40219.1
Project("{FAE04EC0-301F-11D3-BF4B-00C04F79EFBC}") = "MinMaxDivide", "MinMaxDivide\MinMaxDivide.csproj", "{68663A48-8059-4291-A923-E7906587BDF1}"
EndProject
Global
	GlobalSection(SolutionConfigurationPlatforms) = preSolution
		Debug|Any CPU = Debug|Any CPU
		Release|Any CPU = Release|Any CPU
	EndGlobalSection
	GlobalSection(ProjectConfigurationPlatforms) = postSolution
		{68663A48-8059-4291-A923-E7906587BDF1}.Debug|Any CPU.ActiveCfg = Debug|Any CPU
		{68663A48-8059-4291-A923-E7906587BDF1}.Debug|Any CPU.Build.0 = Debug|Any CPU
		{68663A48-8059-4291-A923-E7906587BDF1}.Release|Any CPU.ActiveCfg = Release|Any CPU
		{68663A48-8059-4291-A923-E7906587BDF1}.Release|Any CPU.Build.0 = Release|Any CPU
	EndGlobalSection
	GlobalSection(SolutionProperties) = preSolution
		HideSolutionNode = FALSE
	EndGlobalSection
	GlobalSection(ExtensibilityGlobals) = postSolution
		SolutionGuid = {D3CF1E45-6D45-4DB3-8C6D-7795CDAE123C}
	EndGlobalSection
EndGlobal
